<Solution>
  <Configurations>
    <Platform Name="x64" />
    <Platform Name="x86" />
  </Configurations>
  <Project Path="Cours01_Introduction/Cours01_Introduction.vcxproj" Id="7754213b-feb5-4d01-b4de-6f4ab409be35" />
  <Project Path="Cours02_Introduction.cpp/Cours02_Introduction.cpp.vcxproj" Id="4f699230-bc6f-4be7-8a52-96a7fa76c310" />
  <Project Path="Cours04_EntreesSorti/Cours04_EntreesSorti.vcxproj" Id="2d767528-b52e-4849-ace6-def19e2ebb74" />
  <Project Path="cours3/cours3.vcxproj" Id="c294b0dc-dd05-440d-9f07-58d5da506aed" />
  <Project Path="cours4_devoir/cours4_devoir.vcxproj" Id="39fbea45-2505-4f01-8379-e94cd52f2233" />
  <Project Path="cours5_cpp/cours5_cpp.vcxproj" Id="83804120-45ae-425d-a66c-a038c22f35e2" />
</Solution>
